// !$*UTF8*$!
{
	archiveVersion = 1;
	classes = {
	};
	objectVersion = 50;
	objects = {

/* Begin PBXBuildFile section */
		FA022A72269B5A8E00834ACF /* AppDelegate.swift in Sources */ = {isa = PBXBuildFile; fileRef = FA022A71269B5A8E00834ACF /* AppDelegate.swift */; };
		FA022A74269B5A8E00834ACF /* SceneDelegate.swift in Sources */ = {isa = PBXBuildFile; fileRef = FA022A73269B5A8E00834ACF /* SceneDelegate.swift */; };
		FA022A76269B5A8E00834ACF /* ViewController.swift in Sources */ = {isa = PBXBuildFile; fileRef = FA022A75269B5A8E00834ACF /* ViewController.swift */; };
		FA022A79269B5A8E00834ACF /* Main.storyboard in Resources */ = {isa = PBXBuildFile; fileRef = FA022A77269B5A8E00834ACF /* Main.storyboard */; };
		FA022A7B269B5A9300834ACF /* Assets.xcassets in Resources */ = {isa = PBXBuildFile; fileRef = FA022A7A269B5A9300834ACF /* Assets.xcassets */; };
		FA022A7E269B5A9300834ACF /* LaunchScreen.storyboard in Resources */ = {isa = PBXBuildFile; fileRef = FA022A7C269B5A9300834ACF /* LaunchScreen.storyboard */; };
/* End PBXBuildFile section */

/* Begin PBXFileReference section */
		FA022A6E269B5A8E00834ACF /* Future Prediction.app */ = {isa = PBXFileReference; explicitFileType = wrapper.application; includeInIndex = 0; path = "Future Prediction.app"; sourceTree = BUILT_PRODUCTS_DIR; };
		FA022A71269B5A8E00834ACF /* AppDelegate.swift */ = {isa = PBXFileReference; lastKnownFileType = sourcecode.swift; path = AppDelegate.swift; sourceTree = "<group>"; };
		FA022A73269B5A8E00834ACF /* SceneDelegate.swift */ = {isa = PBXFileReference; lastKnownFileType = sourcecode.swift; path = SceneDelegate.swift; sourceTree = "<group>"; };
		FA022A75269B5A8E00834ACF /* ViewController.swift */ = {isa = PBXFileReference; lastKnownFileType = sourcecode.swift; path = ViewController.swift; sourceTree = "<group>"; };
		FA022A78269B5A8E00834ACF /* Base */ = {isa = PBXFileReference; lastKnownFileType = file.storyboard; name = Base; path = Base.lproj/Main.storyboard; sourceTree = "<group>"; };
		FA022A7A269B5A9300834ACF /* Assets.xcassets */ = {isa = PBXFileReference; lastKnownFileType = folder.assetcatalog; path = Assets.xcassets; sourceTree = "<group>"; };
		FA022A7D269B5A9300834ACF /* Base */ = {isa = PBXFileReference; lastKnownFileType = file.storyboard; name = Base; path = Base.lproj/LaunchScreen.storyboard; sourceTree = "<group>"; };
		FA022A7F269B5A9300834ACF /* Info.plist */ = {isa = PBXFileReference; lastKnownFileType = text.plist.xml; path = Info.plist; sourceTree = "<group>"; };
/* End PBXFileReference section */

/* Begin PBXFrameworksBuildPhase section */
		FA022A6B269B5A8E00834ACF /* Frameworks */ = {
			isa = PBXFrameworksBuildPhase;
			buildActionMask = 2147483647;
			files = (
			);
			runOnlyForDeploymentPostprocessing = 0;
		};
/* End PBXFrameworksBuildPhase section */

/* Begin PBXGroup section */
		FA022A65269B5A8E00834ACF = {
			isa = PBXGroup;
			children = (
				FA022A70269B5A8E00834ACF /* Future Prediction */,
				FA022A6F269B5A8E00834ACF /* Products */,
			);
			sourceTree = "<group>";
		};
		FA022A6F269B5A8E00834ACF /* Products */ = {
			isa = PBXGroup;
			children = (
				FA022A6E269B5A8E00834ACF /* Future Prediction.app */,
			);
			name = Products;
			sourceTree = "<group>";
		};
		FA022A70269B5A8E00834ACF /* Future Prediction */ = {
			isa = PBXGroup;
			children = (
				FA022A71269B5A8E00834ACF /* AppDelegate.swift */,
				FA022A73269B5A8E00834ACF /* SceneDelegate.swift */,
				FA022A75269B5A8E00834ACF /* ViewController.swift */,
				FA022A77269B5A8E00834ACF /* Main.storyboard */,
				FA022A7A269B5A9300834ACF /* Assets.xcassets */,
				FA022A7C269B5A9300834ACF /* LaunchScreen.storyboard */,
				FA022A7F269B5A9300834ACF /* Info.plist */,
			);
			path = "Future Prediction";
			sourceTree = "<group>";
		};
/* End PBXGroup section */

/* Begin PBXNativeTarget section */
		FA022A6D269B5A8E00834ACF /* Future Prediction */ = {
			isa = PBXNativeTarget;
			buildConfigurationList = FA022A82269B5A9300834ACF /* Build configuration list for PBXNativeTarget "Future Prediction" */;
			buildPhases = (
				FA022A6A269B5A8E00834ACF /* Sources */,
				FA022A6B269B5A8E00834ACF /* Frameworks */,
				FA022A6C269B5A8E00834ACF /* Resources */,
			);
			buildRules = (
			);
			dependencies = (
			);
			name = "Future Prediction";
			productName = "Future Prediction";
			productReference = FA022A6E269B5A8E00834ACF /* Future Prediction.app */;
			productType = "com.apple.product-type.application";
		};
/* End PBXNativeTarget section */

/* Begin PBXProject section */
		FA022A66269B5A8E00834ACF /* Project object */ = {
			isa = PBXProject;
			attributes = {
				LastSwiftUpdateCheck = 1240;
				LastUpgradeCheck = 1240;
				TargetAttributes = {
					FA022A6D269B5A8E00834ACF = {
						CreatedOnToolsVersion = 12.4;
					};
				};
			};
			buildConfigurationList = FA022A69269B5A8E00834ACF /* Build configuration list for PBXProject "Future Prediction" */;
			compatibilityVersion = "Xcode 9.3";
			developmentRegion = en;
			hasScannedForEncodings = 0;
			knownRegions = (
				en,
				Base,
			);
			mainGroup = FA022A65269B5A8E00834ACF;
			productRefGroup = FA022A6F269B5A8E00834ACF /* Products */;
			projectDirPath = "";
			projectRoot = "";
			targets = (
				FA022A6D269B5A8E00834ACF /* Future Prediction */,
			);
		};
/* End PBXProject section */

/* Begin PBXResourcesBuildPhase section */
		FA022A6C269B5A8E00834ACF /* Resources */ = {
			isa = PBXResourcesBuildPhase;
			buildActionMask = 2147483647;
			files = (
				FA022A7E269B5A9300834ACF /* LaunchScreen.storyboard in Resources */,
				FA022A7B269B5A9300834ACF /* Assets.xcassets in Resources */,
				FA022A79269B5A8E00834ACF /* Main.storyboard in Resources */,
			);
			runOnlyForDeploymentPostprocessing = 0;
		};
/* End PBXResourcesBuildPhase section */

/* Begin PBXSourcesBuildPhase section */
		FA022A6A269B5A8E00834ACF /* Sources */ = {
			isa = PBXSourcesBuildPhase;
			buildActionMask = 2147483647;
			files = (
				FA022A76269B5A8E00834ACF /* ViewController.swift in Sources */,
				FA022A72269B5A8E00834ACF /* AppDelegate.swift in Sources */,
				FA022A74269B5A8E00834ACF /* SceneDelegate.swift in Sources */,
			);
			runOnlyForDeploymentPostprocessing = 0;
		};
/* End PBXSourcesBuildPhase section */

/* Begin PBXVariantGroup section */
		FA022A77269B5A8E00834ACF /* Main.storyboard */ = {
			isa = PBXVariantGroup;
			children = (
				FA022A78269B5A8E00834ACF /* Base */,
			);
			name = Main.storyboard;
			sourceTree = "<group>";
		};
		FA022A7C269B5A9300834ACF /* LaunchScreen.storyboard */ = {
			isa = PBXVariantGroup;
			children = (
				FA022A7D269B5A9300834ACF /* Base */,
			);
			name = LaunchScreen.storyboard;
			sourceTree = "<group>";
		};
/* End PBXVariantGroup section */

/* Begin XCBuildConfiguration section */
		FA022A80269B5A9300834ACF /* Debug */ = {
			isa = XCBuildConfiguration;
			buildSettings = {
				ALWAYS_SEARCH_USER_PATHS = NO;
				CLANG_ANALYZER_NONNULL = YES;
				CLANG_ANALYZER_NUMBER_OBJECT_CONVERSION = YES_AGGRESSIVE;
				CLANG_CXX_LANGUAGE_STANDARD = "gnu++14";
				CLANG_CXX_LIBRARY = "libc++";
				CLANG_ENABLE_MODULES = YES;
				CLANG_ENABLE_OBJC_ARC = YES;
				CLANG_ENABLE_OBJC_WEAK = YES;
				CLANG_WARN_BLOCK_CAPTURE_AUTORELEASING = YES;
				CLANG_WARN_BOOL_CONVERSION = YES;
				CLANG_WARN_COMMA = YES;
				CLANG_WARN_CONSTANT_CONVERSION = YES;
				CLANG_WARN_DEPRECATED_OBJC_IMPLEMENTATIONS = YES;
				CLANG_WARN_DIRECT_OBJC_ISA_USAGE = YES_ERROR;
				CLANG_WARN_DOCUMENTATION_COMMENTS = YES;
				CLANG_WARN_EMPTY_BODY = YES;
				CLANG_WARN_ENUM_CONVERSION = YES;
				CLANG_WARN_INFINITE_RECURSION = YES;
				CLANG_WARN_INT_CONVERSION = YES;
				CLANG_WARN_NON_LITERAL_NULL_CONVERSION = YES;
				CLANG_WARN_OBJC_IMPLICIT_RETAIN_SELF = YES;
				CLANG_WARN_OBJC_LITERAL_CONVERSION = YES;
				CLANG_WARN_OBJC_ROOT_CLASS = YES_ERROR;
				CLANG_WARN_QUOTED_INCLUDE_IN_FRAMEWORK_HEADER = YES;
				CLANG_WARN_RANGE_LOOP_ANALYSIS = YES;
				CLANG_WARN_STRICT_PROTOTYPES = YES;
				CLANG_WARN_SUSPICIOUS_MOVE = YES;
				CLANG_WARN_UNGUARDED_AVAILABILITY = YES_AGGRESSIVE;
				CLANG_WARN_UNREACHABLE_CODE = YES;
				CLANG_WARN__DUPLICATE_METHOD_MATCH = YES;
				COPY_PHASE_STRIP = NO;
				DEBUG_INFORMATION_FORMAT = dwarf;
				ENABLE_STRICT_OBJC_MSGSEND = YES;
				ENABLE_TESTABILITY = YES;
				GCC_C_LANGUAGE_STANDARD = gnu11;
				GCC_DYNAMIC_NO_PIC = NO;
				GCC_NO_COMMON_BLOCKS = YES;
				GCC_OPTIMIZATION_LEVEL = 0;
				GCC_PREPROCESSOR_DEFINITIONS = (
					"DEBUG=1",
					"$(inherited)",
				);
				GCC_WARN_64_TO_32_BIT_CONVERSION = YES;
				GCC_WARN_ABOUT_RETURN_TYPE = YES_ERROR;
				GCC_WARN_UNDECLARED_SELECTOR = YES;
				GCC_WARN_UNINITIALIZED_AUTOS = YES_AGGRESSIVE;
				GCC_WARN_UNUSED_FUNCTION = YES;
				GCC_WARN_UNUSED_VARIABLE = YES;
				IPHONEOS_DEPLOYMENT_TARGET = 14.4;
				MTL_ENABLE_DEBUG_INFO = INCLUDE_SOURCE;
				MTL_FAST_MATH = YES;
				ONLY_ACTIVE_ARCH = YES;
				SDKROOT = iphoneos;
				SWIFT_ACTIVE_COMPILATION_CONDITIONS = DEBUG;
				SWIFT_OPTIMIZATION_LEVEL = "-Onone";
			};
			name = Debug;
		};
		FA022A81269B5A9300834ACF /* Release */ = {
			isa = XCBuildConfiguration;
			buildSettings = {
				ALWAYS_SEARCH_USER_PATHS = NO;
				CLANG_ANALYZER_NONNULL = YES;
				CLANG_ANALYZER_NUMBER_OBJECT_CONVERSION = YES_AGGRESSIVE;
				CLANG_CXX_LANGUAGE_STANDARD = "gnu++14";
				CLANG_CXX_LIBRARY = "libc++";
				CLANG_ENABLE_MODULES = YES;
				CLANG_ENABLE_OBJC_ARC = YES;
				CLANG_ENABLE_OBJC_WEAK = YES;
				CLANG_WARN_BLOCK_CAPTURE_AUTORELEASING = YES;
				CLANG_WARN_BOOL_CONVERSION = YES;
				CLANG_WARN_COMMA = YES;
				CLANG_WARN_CONSTANT_CONVERSION = YES;
				CLANG_WARN_DEPRECATED_OBJC_IMPLEMENTATIONS = YES;
				CLANG_WARN_DIRECT_OBJC_ISA_USAGE = YES_ERROR;
				CLANG_WARN_DOCUMENTATION_COMMENTS = YES;
				CLANG_WARN_EMPTY_BODY = YES;
				CLANG_WARN_ENUM_CONVERSION = YES;
				CLANG_WARN_INFINITE_RECURSION = YES;
				CLANG_WARN_INT_CONVERSION = YES;
				CLANG_WARN_NON_LITERAL_NULL_CONVERSION = YES;
				CLANG_WARN_OBJC_IMPLICIT_RETAIN_SELF = YES;
				CLANG_WARN_OBJC_LITERAL_CONVERSION = YES;
				CLANG_WARN_OBJC_ROOT_CLASS = YES_ERROR;
				CLANG_WARN_QUOTED_INCLUDE_IN_FRAMEWORK_HEADER = YES;
				CLANG_WARN_RANGE_LOOP_ANALYSIS = YES;
				CLANG_WARN_STRICT_PROTOTYPES = YES;
				CLANG_WARN_SUSPICIOUS_MOVE = YES;
				CLANG_WARN_UNGUARDED_AVAILABILITY = YES_AGGRESSIVE;
				CLANG_WARN_UNREACHABLE_CODE = YES;
				CLANG_WARN__DUPLICATE_METHOD_MATCH = YES;
				COPY_PHASE_STRIP = NO;
				DEBUG_INFORMATION_FORMAT = "dwarf-with-dsym";
				ENABLE_NS_ASSERTIONS = NO;
				ENABLE_STRICT_OBJC_MSGSEND = YES;
				GCC_C_LANGUAGE_STANDARD = gnu11;
				GCC_NO_COMMON_BLOCKS = YES;
				GCC_WARN_64_TO_32_BIT_CONVERSION = YES;
				GCC_WARN_ABOUT_RETURN_TYPE = YES_ERROR;
				GCC_WARN_UNDECLARED_SELECTOR = YES;
				GCC_WARN_UNINITIALIZED_AUTOS = YES_AGGRESSIVE;
				GCC_WARN_UNUSED_FUNCTION = YES;
				GCC_WARN_UNUSED_VARIABLE = YES;
				IPHONEOS_DEPLOYMENT_TARGET = 14.4;
				MTL_ENABLE_DEBUG_INFO = NO;
				MTL_FAST_MATH = YES;
				SDKROOT = iphoneos;
				SWIFT_COMPILATION_MODE = wholemodule;
				SWIFT_OPTIMIZATION_LEVEL = "-O";
				VALIDATE_PRODUCT = YES;
			};
			name = Release;
		};
		FA022A83269B5A9300834ACF /* Debug */ = {
			isa = XCBuildConfiguration;
			buildSettings = {
				ASSETCATALOG_COMPILER_APPICON_NAME = AppIcon;
				ASSETCATALOG_COMPILER_GLOBAL_ACCENT_COLOR_NAME = AccentColor;
				CODE_SIGN_STYLE = Automatic;
				DEVELOPMENT_TEAM = K33FXWL25N;
				INFOPLIST_FILE = "Future Prediction/Info.plist";
				LD_RUNPATH_SEARCH_PATHS = (
					"$(inherited)",
					"@executable_path/Frameworks",
				);
				PRODUCT_BUNDLE_IDENTIFIER = "co.AOS.Future-Prediction";
				PRODUCT_NAME = "$(TARGET_NAME)";
				SWIFT_VERSION = 5.0;
				TARGETED_DEVICE_FAMILY = "1,2";
			};
			name = Debug;
		};
		FA022A84269B5A9300834ACF /* Release */ = {
			isa = XCBuildConfiguration;
			buildSettings = {
				ASSETCATALOG_COMPILER_APPICON_NAME = AppIcon;
				ASSETCATALOG_COMPILER_GLOBAL_ACCENT_COLOR_NAME = AccentColor;
				CODE_SIGN_STYLE = Automatic;
				DEVELOPMENT_TEAM = K33FXWL25N;
				INFOPLIST_FILE = "Future Prediction/Info.plist";
				LD_RUNPATH_SEARCH_PATHS = (
					"$(inherited)",
					"@executable_path/Frameworks",
				);
				PRODUCT_BUNDLE_IDENTIFIER = "co.AOS.Future-Prediction";
				PRODUCT_NAME = "$(TARGET_NAME)";
				SWIFT_VERSION = 5.0;
				TARGETED_DEVICE_FAMILY = "1,2";
			};
			name = Release;
		};
/* End XCBuildConfiguration section */

/* Begin XCConfigurationList section */
		FA022A69269B5A8E00834ACF /* Build configuration list for PBXProject "Future Prediction" */ = {
			isa = XCConfigurationList;
			buildConfigurations = (
				FA022A80269B5A9300834ACF /* Debug */,
				FA022A81269B5A9300834ACF /* Release */,
			);
			defaultConfigurationIsVisible = 0;
			defaultConfigurationName = Release;
		};
		FA022A82269B5A9300834ACF /* Build configuration list for PBXNativeTarget "Future Prediction" */ = {
			isa = XCConfigurationList;
			buildConfigurations = (
				FA022A83269B5A9300834ACF /* Debug */,
				FA022A84269B5A9300834ACF /* Release */,
			);
			defaultConfigurationIsVisible = 0;
			defaultConfigurationName = Release;
		};
/* End XCConfigurationList section */
	};
	rootObject = FA022A66269B5A8E00834ACF /* Project object */;
}
